
Microsoft Visual Studio Solution File, Format Version 12.00
# Visual Studio Version 17
VisualStudioVersion = 17.5.33424.131
MinimumVisualStudioVersion = 10.0.40219.1
Project("{FAE04EC0-301F-11D3-BF4B-00C04F79EFBC}") = "DiamantesDeX", "DiamantesDeX\DiamantesDeX.csproj", "{8B6C83AF-0064-44C7-BFBE-8AFA98BC003F}"
EndProject
Global
	GlobalSection(SolutionConfigurationPlatforms) = preSolution
		Debug|Any CPU = Debug|Any CPU
		Release|Any CPU = Release|Any CPU
	EndGlobalSection
	GlobalSection(ProjectConfigurationPlatforms) = postSolution
		{8B6C83AF-0064-44C7-BFBE-8AFA98BC003F}.Debug|Any CPU.ActiveCfg = Debug|Any CPU
		{8B6C83AF-0064-44C7-BFBE-8AFA98BC003F}.Debug|Any CPU.Build.0 = Debug|Any CPU
		{8B6C83AF-0064-44C7-BFBE-8AFA98BC003F}.Release|Any CPU.ActiveCfg = Release|Any CPU
		{8B6C83AF-0064-44C7-BFBE-8AFA98BC003F}.Release|Any CPU.Build.0 = Release|Any CPU
	EndGlobalSection
	GlobalSection(SolutionProperties) = preSolution
		HideSolutionNode = FALSE
	EndGlobalSection
	GlobalSection(ExtensibilityGlobals) = postSolution
		SolutionGuid = {DFEDD6F8-7AAC-4599-85F3-495DA753219A}
	EndGlobalSection
EndGlobal
